// !$*UTF8*$!
{
	archiveVersion = 1;
	classes = {
	};
	objectVersion = 56;
	objects = {

/* Begin PBXBuildFile section */
		851E586F2BF28818003F478E /* KeyboardKitDemoApp.swift in Sources */ = {isa = PBXBuildFile; fileRef = 851E586E2BF28818003F478E /* KeyboardKitDemoApp.swift */; };
		851E58712BF28818003F478E /* ContentView.swift in Sources */ = {isa = PBXBuildFile; fileRef = 851E58702BF28818003F478E /* ContentView.swift */; };
		851E58732BF28819003F478E /* Assets.xcassets in Resources */ = {isa = PBXBuildFile; fileRef = 851E58722BF28819003F478E /* Assets.xcassets */; };
		851E58762BF28819003F478E /* Preview Assets.xcassets in Resources */ = {isa = PBXBuildFile; fileRef = 851E58752BF28819003F478E /* Preview Assets.xcassets */; };
		851E58782BF28819003F478E /* Persistence.swift in Sources */ = {isa = PBXBuildFile; fileRef = 851E58772BF28819003F478E /* Persistence.swift */; };
		851E587B2BF28819003F478E /* KeyboardKitDemo.xcdatamodeld in Sources */ = {isa = PBXBuildFile; fileRef = 851E58792BF28819003F478E /* KeyboardKitDemo.xcdatamodeld */; };
		851E588B2BF295B4003F478E /* KeyboardViewController.swift in Sources */ = {isa = PBXBuildFile; fileRef = 851E588A2BF295B4003F478E /* KeyboardViewController.swift */; };
		851E588F2BF295B4003F478E /* KeyboardDemo.appex in Embed Foundation Extensions */ = {isa = PBXBuildFile; fileRef = 851E58882BF295B4003F478E /* KeyboardDemo.appex */; settings = {ATTRIBUTES = (RemoveHeadersOnCopy, ); }; };
		851E58982BF29844003F478E /* KeyboardKit in Frameworks */ = {isa = PBXBuildFile; productRef = 851E58972BF29844003F478E /* KeyboardKit */; };
/* End PBXBuildFile section */

/* Begin PBXContainerItemProxy section */
		851E588D2BF295B4003F478E /* PBXContainerItemProxy */ = {
			isa = PBXContainerItemProxy;
			containerPortal = 851E58632BF28818003F478E /* Project object */;
			proxyType = 1;
			remoteGlobalIDString = 851E58872BF295B4003F478E;
			remoteInfo = KeyboardDemo;
		};
/* End PBXContainerItemProxy section */

/* Begin PBXCopyFilesBuildPhase section */
		851E58932BF295B4003F478E /* Embed Foundation Extensions */ = {
			isa = PBXCopyFilesBuildPhase;
			buildActionMask = 2147483647;
			dstPath = "";
			dstSubfolderSpec = 13;
			files = (
				851E588F2BF295B4003F478E /* KeyboardDemo.appex in Embed Foundation Extensions */,
			);
			name = "Embed Foundation Extensions";
			runOnlyForDeploymentPostprocessing = 0;
		};
/* End PBXCopyFilesBuildPhase section */

/* Begin PBXFileReference section */
		851E586B2BF28818003F478E /* KeyboardKitDemo.app */ = {isa = PBXFileReference; explicitFileType = wrapper.application; includeInIndex = 0; path = KeyboardKitDemo.app; sourceTree = BUILT_PRODUCTS_DIR; };
		851E586E2BF28818003F478E /* KeyboardKitDemoApp.swift */ = {isa = PBXFileReference; lastKnownFileType = sourcecode.swift; path = KeyboardKitDemoApp.swift; sourceTree = "<group>"; };
		851E58702BF28818003F478E /* ContentView.swift */ = {isa = PBXFileReference; lastKnownFileType = sourcecode.swift; path = ContentView.swift; sourceTree = "<group>"; };
		851E58722BF28819003F478E /* Assets.xcassets */ = {isa = PBXFileReference; lastKnownFileType = folder.assetcatalog; path = Assets.xcassets; sourceTree = "<group>"; };
		851E58752BF28819003F478E /* Preview Assets.xcassets */ = {isa = PBXFileReference; lastKnownFileType = folder.assetcatalog; path = "Preview Assets.xcassets"; sourceTree = "<group>"; };
		851E58772BF28819003F478E /* Persistence.swift */ = {isa = PBXFileReference; lastKnownFileType = sourcecode.swift; path = Persistence.swift; sourceTree = "<group>"; };
		851E587A2BF28819003F478E /* KeyboardKitDemo.xcdatamodel */ = {isa = PBXFileReference; lastKnownFileType = wrapper.xcdatamodel; path = KeyboardKitDemo.xcdatamodel; sourceTree = "<group>"; };
		851E58882BF295B4003F478E /* KeyboardDemo.appex */ = {isa = PBXFileReference; explicitFileType = "wrapper.app-extension"; includeInIndex = 0; path = KeyboardDemo.appex; sourceTree = BUILT_PRODUCTS_DIR; };
		851E588A2BF295B4003F478E /* KeyboardViewController.swift */ = {isa = PBXFileReference; lastKnownFileType = sourcecode.swift; path = KeyboardViewController.swift; sourceTree = "<group>"; };
		851E588C2BF295B4003F478E /* Info.plist */ = {isa = PBXFileReference; lastKnownFileType = text.plist.xml; path = Info.plist; sourceTree = "<group>"; };
/* End PBXFileReference section */

/* Begin PBXFrameworksBuildPhase section */
		851E58682BF28818003F478E /* Frameworks */ = {
			isa = PBXFrameworksBuildPhase;
			buildActionMask = 2147483647;
			files = (
			);
			runOnlyForDeploymentPostprocessing = 0;
		};
		851E58852BF295B4003F478E /* Frameworks */ = {
			isa = PBXFrameworksBuildPhase;
			buildActionMask = 2147483647;
			files = (
				851E58982BF29844003F478E /* KeyboardKit in Frameworks */,
			);
			runOnlyForDeploymentPostprocessing = 0;
		};
/* End PBXFrameworksBuildPhase section */

/* Begin PBXGroup section */
		851E58622BF28818003F478E = {
			isa = PBXGroup;
			children = (
				851E586D2BF28818003F478E /* KeyboardKitDemo */,
				851E58892BF295B4003F478E /* KeyboardDemo */,
				851E586C2BF28818003F478E /* Products */,
			);
			sourceTree = "<group>";
		};
		851E586C2BF28818003F478E /* Products */ = {
			isa = PBXGroup;
			children = (
				851E586B2BF28818003F478E /* KeyboardKitDemo.app */,
				851E58882BF295B4003F478E /* KeyboardDemo.appex */,
			);
			name = Products;
			sourceTree = "<group>";
		};
		851E586D2BF28818003F478E /* KeyboardKitDemo */ = {
			isa = PBXGroup;
			children = (
				851E586E2BF28818003F478E /* KeyboardKitDemoApp.swift */,
				851E58702BF28818003F478E /* ContentView.swift */,
				851E58722BF28819003F478E /* Assets.xcassets */,
				851E58772BF28819003F478E /* Persistence.swift */,
				851E58792BF28819003F478E /* KeyboardKitDemo.xcdatamodeld */,
				851E58742BF28819003F478E /* Preview Content */,
			);
			path = KeyboardKitDemo;
			sourceTree = "<group>";
		};
		851E58742BF28819003F478E /* Preview Content */ = {
			isa = PBXGroup;
			children = (
				851E58752BF28819003F478E /* Preview Assets.xcassets */,
			);
			path = "Preview Content";
			sourceTree = "<group>";
		};
		851E58892BF295B4003F478E /* KeyboardDemo */ = {
			isa = PBXGroup;
			children = (
				851E588A2BF295B4003F478E /* KeyboardViewController.swift */,
				851E588C2BF295B4003F478E /* Info.plist */,
			);
			path = KeyboardDemo;
			sourceTree = "<group>";
		};
/* End PBXGroup section */

/* Begin PBXNativeTarget section */
		851E586A2BF28818003F478E /* KeyboardKitDemo */ = {
			isa = PBXNativeTarget;
			buildConfigurationList = 851E587E2BF28819003F478E /* Build configuration list for PBXNativeTarget "KeyboardKitDemo" */;
			buildPhases = (
				851E58672BF28818003F478E /* Sources */,
				851E58682BF28818003F478E /* Frameworks */,
				851E58692BF28818003F478E /* Resources */,
				851E58932BF295B4003F478E /* Embed Foundation Extensions */,
			);
			buildRules = (
			);
			dependencies = (
				851E588E2BF295B4003F478E /* PBXTargetDependency */,
			);
			name = KeyboardKitDemo;
			packageProductDependencies = (
			);
			productName = KeyboardKitDemo;
			productReference = 851E586B2BF28818003F478E /* KeyboardKitDemo.app */;
			productType = "com.apple.product-type.application";
		};
		851E58872BF295B4003F478E /* KeyboardDemo */ = {
			isa = PBXNativeTarget;
			buildConfigurationList = 851E58902BF295B4003F478E /* Build configuration list for PBXNativeTarget "KeyboardDemo" */;
			buildPhases = (
				851E58842BF295B4003F478E /* Sources */,
				851E58852BF295B4003F478E /* Frameworks */,
				851E58862BF295B4003F478E /* Resources */,
			);
			buildRules = (
			);
			dependencies = (
			);
			name = KeyboardDemo;
			packageProductDependencies = (
				851E58972BF29844003F478E /* KeyboardKit */,
			);
			productName = KeyboardDemo;
			productReference = 851E58882BF295B4003F478E /* KeyboardDemo.appex */;
			productType = "com.apple.product-type.app-extension";
		};
/* End PBXNativeTarget section */

/* Begin PBXProject section */
		851E58632BF28818003F478E /* Project object */ = {
			isa = PBXProject;
			attributes = {
				BuildIndependentTargetsInParallel = 1;
				LastSwiftUpdateCheck = 1530;
				LastUpgradeCheck = 1530;
				TargetAttributes = {
					851E586A2BF28818003F478E = {
						CreatedOnToolsVersion = 15.3;
					};
					851E58872BF295B4003F478E = {
						CreatedOnToolsVersion = 15.3;
					};
				};
			};
			buildConfigurationList = 851E58662BF28818003F478E /* Build configuration list for PBXProject "KeyboardKitDemo" */;
			compatibilityVersion = "Xcode 14.0";
			developmentRegion = en;
			hasScannedForEncodings = 0;
			knownRegions = (
				en,
				Base,
			);
			mainGroup = 851E58622BF28818003F478E;
			packageReferences = (
				851E58962BF29844003F478E /* XCRemoteSwiftPackageReference "KeyboardKit" */,
			);
			productRefGroup = 851E586C2BF28818003F478E /* Products */;
			projectDirPath = "";
			projectRoot = "";
			targets = (
				851E586A2BF28818003F478E /* KeyboardKitDemo */,
				851E58872BF295B4003F478E /* KeyboardDemo */,
			);
		};
/* End PBXProject section */

/* Begin PBXResourcesBuildPhase section */
		851E58692BF28818003F478E /* Resources */ = {
			isa = PBXResourcesBuildPhase;
			buildActionMask = 2147483647;
			files = (
				851E58762BF28819003F478E /* Preview Assets.xcassets in Resources */,
				851E58732BF28819003F478E /* Assets.xcassets in Resources */,
			);
			runOnlyForDeploymentPostprocessing = 0;
		};
		851E58862BF295B4003F478E /* Resources */ = {
			isa = PBXResourcesBuildPhase;
			buildActionMask = 2147483647;
			files = (
			);
			runOnlyForDeploymentPostprocessing = 0;
		};
/* End PBXResourcesBuildPhase section */

/* Begin PBXSourcesBuildPhase section */
		851E58672BF28818003F478E /* Sources */ = {
			isa = PBXSourcesBuildPhase;
			buildActionMask = 2147483647;
			files = (
				851E58782BF28819003F478E /* Persistence.swift in Sources */,
				851E58712BF28818003F478E /* ContentView.swift in Sources */,
				851E587B2BF28819003F478E /* KeyboardKitDemo.xcdatamodeld in Sources */,
				851E586F2BF28818003F478E /* KeyboardKitDemoApp.swift in Sources */,
			);
			runOnlyForDeploymentPostprocessing = 0;
		};
		851E58842BF295B4003F478E /* Sources */ = {
			isa = PBXSourcesBuildPhase;
			buildActionMask = 2147483647;
			files = (
				851E588B2BF295B4003F478E /* KeyboardViewController.swift in Sources */,
			);
			runOnlyForDeploymentPostprocessing = 0;
		};
/* End PBXSourcesBuildPhase section */

/* Begin PBXTargetDependency section */
		851E588E2BF295B4003F478E /* PBXTargetDependency */ = {
			isa = PBXTargetDependency;
			target = 851E58872BF295B4003F478E /* KeyboardDemo */;
			targetProxy = 851E588D2BF295B4003F478E /* PBXContainerItemProxy */;
		};
/* End PBXTargetDependency section */

/* Begin XCBuildConfiguration section */
		851E587C2BF28819003F478E /* Debug */ = {
			isa = XCBuildConfiguration;
			buildSettings = {
				ALWAYS_SEARCH_USER_PATHS = NO;
				ASSETCATALOG_COMPILER_GENERATE_SWIFT_ASSET_SYMBOL_EXTENSIONS = YES;
				CLANG_ANALYZER_NONNULL = YES;
				CLANG_ANALYZER_NUMBER_OBJECT_CONVERSION = YES_AGGRESSIVE;
				CLANG_CXX_LANGUAGE_STANDARD = "gnu++20";
				CLANG_ENABLE_MODULES = YES;
				CLANG_ENABLE_OBJC_ARC = YES;
				CLANG_ENABLE_OBJC_WEAK = YES;
				CLANG_WARN_BLOCK_CAPTURE_AUTORELEASING = YES;
				CLANG_WARN_BOOL_CONVERSION = YES;
				CLANG_WARN_COMMA = YES;
				CLANG_WARN_CONSTANT_CONVERSION = YES;
				CLANG_WARN_DEPRECATED_OBJC_IMPLEMENTATIONS = YES;
				CLANG_WARN_DIRECT_OBJC_ISA_USAGE = YES_ERROR;
				CLANG_WARN_DOCUMENTATION_COMMENTS = YES;
				CLANG_WARN_EMPTY_BODY = YES;
				CLANG_WARN_ENUM_CONVERSION = YES;
				CLANG_WARN_INFINITE_RECURSION = YES;
				CLANG_WARN_INT_CONVERSION = YES;
				CLANG_WARN_NON_LITERAL_NULL_CONVERSION = YES;
				CLANG_WARN_OBJC_IMPLICIT_RETAIN_SELF = YES;
				CLANG_WARN_OBJC_LITERAL_CONVERSION = YES;
				CLANG_WARN_OBJC_ROOT_CLASS = YES_ERROR;
				CLANG_WARN_QUOTED_INCLUDE_IN_FRAMEWORK_HEADER = YES;
				CLANG_WARN_RANGE_LOOP_ANALYSIS = YES;
				CLANG_WARN_STRICT_PROTOTYPES = YES;
				CLANG_WARN_SUSPICIOUS_MOVE = YES;
				CLANG_WARN_UNGUARDED_AVAILABILITY = YES_AGGRESSIVE;
				CLANG_WARN_UNREACHABLE_CODE = YES;
				CLANG_WARN__DUPLICATE_METHOD_MATCH = YES;
				COPY_PHASE_STRIP = NO;
				DEBUG_INFORMATION_FORMAT = dwarf;
				ENABLE_STRICT_OBJC_MSGSEND = YES;
				ENABLE_TESTABILITY = YES;
				ENABLE_USER_SCRIPT_SANDBOXING = YES;
				GCC_C_LANGUAGE_STANDARD = gnu17;
				GCC_DYNAMIC_NO_PIC = NO;
				GCC_NO_COMMON_BLOCKS = YES;
				GCC_OPTIMIZATION_LEVEL = 0;
				GCC_PREPROCESSOR_DEFINITIONS = (
					"DEBUG=1",
					"$(inherited)",
				);
				GCC_WARN_64_TO_32_BIT_CONVERSION = YES;
				GCC_WARN_ABOUT_RETURN_TYPE = YES_ERROR;
				GCC_WARN_UNDECLARED_SELECTOR = YES;
				GCC_WARN_UNINITIALIZED_AUTOS = YES_AGGRESSIVE;
				GCC_WARN_UNUSED_FUNCTION = YES;
				GCC_WARN_UNUSED_VARIABLE = YES;
				IPHONEOS_DEPLOYMENT_TARGET = 17.0;
				LOCALIZATION_PREFERS_STRING_CATALOGS = YES;
				MTL_ENABLE_DEBUG_INFO = INCLUDE_SOURCE;
				MTL_FAST_MATH = YES;
				ONLY_ACTIVE_ARCH = YES;
				SDKROOT = iphoneos;
				SWIFT_ACTIVE_COMPILATION_CONDITIONS = "DEBUG $(inherited)";
				SWIFT_OPTIMIZATION_LEVEL = "-Onone";
			};
			name = Debug;
		};
		851E587D2BF28819003F478E /* Release */ = {
			isa = XCBuildConfiguration;
			buildSettings = {
				ALWAYS_SEARCH_USER_PATHS = NO;
				ASSETCATALOG_COMPILER_GENERATE_SWIFT_ASSET_SYMBOL_EXTENSIONS = YES;
				CLANG_ANALYZER_NONNULL = YES;
				CLANG_ANALYZER_NUMBER_OBJECT_CONVERSION = YES_AGGRESSIVE;
				CLANG_CXX_LANGUAGE_STANDARD = "gnu++20";
				CLANG_ENABLE_MODULES = YES;
				CLANG_ENABLE_OBJC_ARC = YES;
				CLANG_ENABLE_OBJC_WEAK = YES;
				CLANG_WARN_BLOCK_CAPTURE_AUTORELEASING = YES;
				CLANG_WARN_BOOL_CONVERSION = YES;
				CLANG_WARN_COMMA = YES;
				CLANG_WARN_CONSTANT_CONVERSION = YES;
				CLANG_WARN_DEPRECATED_OBJC_IMPLEMENTATIONS = YES;
				CLANG_WARN_DIRECT_OBJC_ISA_USAGE = YES_ERROR;
				CLANG_WARN_DOCUMENTATION_COMMENTS = YES;
				CLANG_WARN_EMPTY_BODY = YES;
				CLANG_WARN_ENUM_CONVERSION = YES;
				CLANG_WARN_INFINITE_RECURSION = YES;
				CLANG_WARN_INT_CONVERSION = YES;
				CLANG_WARN_NON_LITERAL_NULL_CONVERSION = YES;
				CLANG_WARN_OBJC_IMPLICIT_RETAIN_SELF = YES;
				CLANG_WARN_OBJC_LITERAL_CONVERSION = YES;
				CLANG_WARN_OBJC_ROOT_CLASS = YES_ERROR;
				CLANG_WARN_QUOTED_INCLUDE_IN_FRAMEWORK_HEADER = YES;
				CLANG_WARN_RANGE_LOOP_ANALYSIS = YES;
				CLANG_WARN_STRICT_PROTOTYPES = YES;
				CLANG_WARN_SUSPICIOUS_MOVE = YES;
				CLANG_WARN_UNGUARDED_AVAILABILITY = YES_AGGRESSIVE;
				CLANG_WARN_UNREACHABLE_CODE = YES;
				CLANG_WARN__DUPLICATE_METHOD_MATCH = YES;
				COPY_PHASE_STRIP = NO;
				DEBUG_INFORMATION_FORMAT = "dwarf-with-dsym";
				ENABLE_NS_ASSERTIONS = NO;
				ENABLE_STRICT_OBJC_MSGSEND = YES;
				ENABLE_USER_SCRIPT_SANDBOXING = YES;
				GCC_C_LANGUAGE_STANDARD = gnu17;
				GCC_NO_COMMON_BLOCKS = YES;
				GCC_WARN_64_TO_32_BIT_CONVERSION = YES;
				GCC_WARN_ABOUT_RETURN_TYPE = YES_ERROR;
				GCC_WARN_UNDECLARED_SELECTOR = YES;
				GCC_WARN_UNINITIALIZED_AUTOS = YES_AGGRESSIVE;
				GCC_WARN_UNUSED_FUNCTION = YES;
				GCC_WARN_UNUSED_VARIABLE = YES;
				IPHONEOS_DEPLOYMENT_TARGET = 17.0;
				LOCALIZATION_PREFERS_STRING_CATALOGS = YES;
				MTL_ENABLE_DEBUG_INFO = NO;
				MTL_FAST_MATH = YES;
				SDKROOT = iphoneos;
				SWIFT_COMPILATION_MODE = wholemodule;
				VALIDATE_PRODUCT = YES;
			};
			name = Release;
		};
		851E587F2BF28819003F478E /* Debug */ = {
			isa = XCBuildConfiguration;
			buildSettings = {
				ALWAYS_EMBED_SWIFT_STANDARD_LIBRARIES = YES;
				ASSETCATALOG_COMPILER_APPICON_NAME = AppIcon;
				ASSETCATALOG_COMPILER_GLOBAL_ACCENT_COLOR_NAME = AccentColor;
				CODE_SIGN_STYLE = Automatic;
				CURRENT_PROJECT_VERSION = 1;
				DEVELOPMENT_ASSET_PATHS = "\"KeyboardKitDemo/Preview Content\"";
				DEVELOPMENT_TEAM = J32A3JFN84;
				ENABLE_PREVIEWS = YES;
				GENERATE_INFOPLIST_FILE = YES;
				INFOPLIST_KEY_UIApplicationSceneManifest_Generation = YES;
				INFOPLIST_KEY_UIApplicationSupportsIndirectInputEvents = YES;
				INFOPLIST_KEY_UILaunchScreen_Generation = YES;
				INFOPLIST_KEY_UISupportedInterfaceOrientations_iPad = "UIInterfaceOrientationPortrait UIInterfaceOrientationPortraitUpsideDown UIInterfaceOrientationLandscapeLeft UIInterfaceOrientationLandscapeRight";
				INFOPLIST_KEY_UISupportedInterfaceOrientations_iPhone = "UIInterfaceOrientationPortrait UIInterfaceOrientationLandscapeLeft UIInterfaceOrientationLandscapeRight";
				LD_RUNPATH_SEARCH_PATHS = (
					"$(inherited)",
					"@executable_path/Frameworks",
				);
				MARKETING_VERSION = 1.0;
				PRODUCT_BUNDLE_IDENTIFIER = page.bingjian.KeyboardKitDemo;
				PRODUCT_NAME = "$(TARGET_NAME)";
				SWIFT_EMIT_LOC_STRINGS = YES;
				SWIFT_VERSION = 5.0;
				TARGETED_DEVICE_FAMILY = "1,2";
			};
			name = Debug;
		};
		851E58802BF28819003F478E /* Release */ = {
			isa = XCBuildConfiguration;
			buildSettings = {
				ALWAYS_EMBED_SWIFT_STANDARD_LIBRARIES = YES;
				ASSETCATALOG_COMPILER_APPICON_NAME = AppIcon;
				ASSETCATALOG_COMPILER_GLOBAL_ACCENT_COLOR_NAME = AccentColor;
				CODE_SIGN_STYLE = Automatic;
				CURRENT_PROJECT_VERSION = 1;
				DEVELOPMENT_ASSET_PATHS = "\"KeyboardKitDemo/Preview Content\"";
				DEVELOPMENT_TEAM = J32A3JFN84;
				ENABLE_PREVIEWS = YES;
				GENERATE_INFOPLIST_FILE = YES;
				INFOPLIST_KEY_UIApplicationSceneManifest_Generation = YES;
				INFOPLIST_KEY_UIApplicationSupportsIndirectInputEvents = YES;
				INFOPLIST_KEY_UILaunchScreen_Generation = YES;
				INFOPLIST_KEY_UISupportedInterfaceOrientations_iPad = "UIInterfaceOrientationPortrait UIInterfaceOrientationPortraitUpsideDown UIInterfaceOrientationLandscapeLeft UIInterfaceOrientationLandscapeRight";
				INFOPLIST_KEY_UISupportedInterfaceOrientations_iPhone = "UIInterfaceOrientationPortrait UIInterfaceOrientationLandscapeLeft UIInterfaceOrientationLandscapeRight";
				LD_RUNPATH_SEARCH_PATHS = (
					"$(inherited)",
					"@executable_path/Frameworks",
				);
				MARKETING_VERSION = 1.0;
				PRODUCT_BUNDLE_IDENTIFIER = page.bingjian.KeyboardKitDemo;
				PRODUCT_NAME = "$(TARGET_NAME)";
				SWIFT_EMIT_LOC_STRINGS = YES;
				SWIFT_VERSION = 5.0;
				TARGETED_DEVICE_FAMILY = "1,2";
			};
			name = Release;
		};
		851E58912BF295B4003F478E /* Debug */ = {
			isa = XCBuildConfiguration;
			buildSettings = {
				CODE_SIGN_STYLE = Automatic;
				CURRENT_PROJECT_VERSION = 1;
				DEVELOPMENT_TEAM = J32A3JFN84;
				GENERATE_INFOPLIST_FILE = YES;
				INFOPLIST_FILE = KeyboardDemo/Info.plist;
				INFOPLIST_KEY_CFBundleDisplayName = KeyboardDemo;
				INFOPLIST_KEY_NSHumanReadableCopyright = "";
				LD_RUNPATH_SEARCH_PATHS = (
					"$(inherited)",
					"@executable_path/Frameworks",
					"@executable_path/../../Frameworks",
				);
				MARKETING_VERSION = 1.0;
				PRODUCT_BUNDLE_IDENTIFIER = page.bingjian.KeyboardKitDemo.KeyboardDemo;
				PRODUCT_NAME = "$(TARGET_NAME)";
				SKIP_INSTALL = YES;
				SWIFT_EMIT_LOC_STRINGS = YES;
				SWIFT_VERSION = 5.0;
				TARGETED_DEVICE_FAMILY = "1,2";
			};
			name = Debug;
		};
		851E58922BF295B4003F478E /* Release */ = {
			isa = XCBuildConfiguration;
			buildSettings = {
				CODE_SIGN_STYLE = Automatic;
				CURRENT_PROJECT_VERSION = 1;
				DEVELOPMENT_TEAM = J32A3JFN84;
				GENERATE_INFOPLIST_FILE = YES;
				INFOPLIST_FILE = KeyboardDemo/Info.plist;
				INFOPLIST_KEY_CFBundleDisplayName = KeyboardDemo;
				INFOPLIST_KEY_NSHumanReadableCopyright = "";
				LD_RUNPATH_SEARCH_PATHS = (
					"$(inherited)",
					"@executable_path/Frameworks",
					"@executable_path/../../Frameworks",
				);
				MARKETING_VERSION = 1.0;
				PRODUCT_BUNDLE_IDENTIFIER = page.bingjian.KeyboardKitDemo.KeyboardDemo;
				PRODUCT_NAME = "$(TARGET_NAME)";
				SKIP_INSTALL = YES;
				SWIFT_EMIT_LOC_STRINGS = YES;
				SWIFT_VERSION = 5.0;
				TARGETED_DEVICE_FAMILY = "1,2";
			};
			name = Release;
		};
/* End XCBuildConfiguration section */

/* Begin XCConfigurationList section */
		851E58662BF28818003F478E /* Build configuration list for PBXProject "KeyboardKitDemo" */ = {
			isa = XCConfigurationList;
			buildConfigurations = (
				851E587C2BF28819003F478E /* Debug */,
				851E587D2BF28819003F478E /* Release */,
			);
			defaultConfigurationIsVisible = 0;
			defaultConfigurationName = Release;
		};
		851E587E2BF28819003F478E /* Build configuration list for PBXNativeTarget "KeyboardKitDemo" */ = {
			isa = XCConfigurationList;
			buildConfigurations = (
				851E587F2BF28819003F478E /* Debug */,
				851E58802BF28819003F478E /* Release */,
			);
			defaultConfigurationIsVisible = 0;
			defaultConfigurationName = Release;
		};
		851E58902BF295B4003F478E /* Build configuration list for PBXNativeTarget "KeyboardDemo" */ = {
			isa = XCConfigurationList;
			buildConfigurations = (
				851E58912BF295B4003F478E /* Debug */,
				851E58922BF295B4003F478E /* Release */,
			);
			defaultConfigurationIsVisible = 0;
			defaultConfigurationName = Release;
		};
/* End XCConfigurationList section */

/* Begin XCRemoteSwiftPackageReference section */
		851E58962BF29844003F478E /* XCRemoteSwiftPackageReference "KeyboardKit" */ = {
			isa = XCRemoteSwiftPackageReference;
			repositoryURL = "https://github.com/KeyboardKit/KeyboardKit";
			requirement = {
				kind = upToNextMajorVersion;
				minimumVersion = 8.5.6;
			};
		};
/* End XCRemoteSwiftPackageReference section */

/* Begin XCSwiftPackageProductDependency section */
		851E58972BF29844003F478E /* KeyboardKit */ = {
			isa = XCSwiftPackageProductDependency;
			package = 851E58962BF29844003F478E /* XCRemoteSwiftPackageReference "KeyboardKit" */;
			productName = KeyboardKit;
		};
/* End XCSwiftPackageProductDependency section */

/* Begin XCVersionGroup section */
		851E58792BF28819003F478E /* KeyboardKitDemo.xcdatamodeld */ = {
			isa = XCVersionGroup;
			children = (
				851E587A2BF28819003F478E /* KeyboardKitDemo.xcdatamodel */,
			);
			currentVersion = 851E587A2BF28819003F478E /* KeyboardKitDemo.xcdatamodel */;
			path = KeyboardKitDemo.xcdatamodeld;
			sourceTree = "<group>";
			versionGroupType = wrapper.xcdatamodel;
		};
/* End XCVersionGroup section */
	};
	rootObject = 851E58632BF28818003F478E /* Project object */;
}
